
Microsoft Visual Studio Solution File, Format Version 12.00
# Visual Studio Version 17
VisualStudioVersion = 17.8.34322.80
MinimumVisualStudioVersion = 10.0.40219.1
Project("{FAE04EC0-301F-11D3-BF4B-00C04F79EFBC}") = "ChatApplication", "ChatApplication\ChatApplication.csproj", "{2D42FF3A-E1E5-41EA-BF0E-B2EDA7BD61C7}"
EndProject
Global
	GlobalSection(SolutionConfigurationPlatforms) = preSolution
		Debug|Any CPU = Debug|Any CPU
		Release|Any CPU = Release|Any CPU
	EndGlobalSection
	GlobalSection(ProjectConfigurationPlatforms) = postSolution
		{2D42FF3A-E1E5-41EA-BF0E-B2EDA7BD61C7}.Debug|Any CPU.ActiveCfg = Debug|Any CPU
		{2D42FF3A-E1E5-41EA-BF0E-B2EDA7BD61C7}.Debug|Any CPU.Build.0 = Debug|Any CPU
		{2D42FF3A-E1E5-41EA-BF0E-B2EDA7BD61C7}.Release|Any CPU.ActiveCfg = Release|Any CPU
		{2D42FF3A-E1E5-41EA-BF0E-B2EDA7BD61C7}.Release|Any CPU.Build.0 = Release|Any CPU
	EndGlobalSection
	GlobalSection(SolutionProperties) = preSolution
		HideSolutionNode = FALSE
	EndGlobalSection
	GlobalSection(ExtensibilityGlobals) = postSolution
		SolutionGuid = {25CBC79B-750F-4DEB-88B2-3B79360A81B6}
	EndGlobalSection
EndGlobal
